PODS:
  - Alamofire (5.6.2)
  - PaginatedTableView (1.0.1)

DEPENDENCIES:
  - Alamofire
  - PaginatedTableView

SPEC REPOS:
  trunk:
    - Alamofire
    - PaginatedTableView

SPEC CHECKSUMS:
  Alamofire: d368e1ff8a298e6dde360e35a3e68e6c610e7204
  PaginatedTableView: 294d9831d5ddf5c0dcfbb4a281d4fcfb8d12f55a

PODFILE CHECKSUM: 1b873d7dcd7e08e25c77352cddc251352ee0cdbd

COCOAPODS: 1.11.3
