// !$*UTF8*$!
{
	archiveVersion = 1;
	classes = {
	};
	objectVersion = 55;
	objects = {

/* Begin PBXBuildFile section */
		0E6F940EF369C3E15E163048 /* Pods_Reciplease2.framework in Frameworks */ = {isa = PBXBuildFile; fileRef = D58529E3640F1E6C0EB643B9 /* Pods_Reciplease2.framework */; };
		3B7C5364A8063EDAE9372822 /* Pods_Reciplease2Tests.framework in Frameworks */ = {isa = PBXBuildFile; fileRef = 271294633DE5212922B04C6B /* Pods_Reciplease2Tests.framework */; };
		A1C3C365792BE0B3D1C9ED68 /* Pods_Reciplease2_Reciplease2UITests.framework in Frameworks */ = {isa = PBXBuildFile; fileRef = 2001A43598220D63749DE275 /* Pods_Reciplease2_Reciplease2UITests.framework */; };
		FA0952C62881F6AC00EEC3EA /* AppDelegate.swift in Sources */ = {isa = PBXBuildFile; fileRef = FA0952C52881F6AC00EEC3EA /* AppDelegate.swift */; };
		FA0952C82881F6AC00EEC3EA /* SceneDelegate.swift in Sources */ = {isa = PBXBuildFile; fileRef = FA0952C72881F6AC00EEC3EA /* SceneDelegate.swift */; };
		FA0952CD2881F6AC00EEC3EA /* Main.storyboard in Resources */ = {isa = PBXBuildFile; fileRef = FA0952CB2881F6AC00EEC3EA /* Main.storyboard */; };
		FA0952D02881F6AC00EEC3EA /* Reciplease2.xcdatamodeld in Sources */ = {isa = PBXBuildFile; fileRef = FA0952CE2881F6AC00EEC3EA /* Reciplease2.xcdatamodeld */; };
		FA0952D22881F6AF00EEC3EA /* Assets.xcassets in Resources */ = {isa = PBXBuildFile; fileRef = FA0952D12881F6AF00EEC3EA /* Assets.xcassets */; };
		FA0952D52881F6AF00EEC3EA /* LaunchScreen.storyboard in Resources */ = {isa = PBXBuildFile; fileRef = FA0952D32881F6AF00EEC3EA /* LaunchScreen.storyboard */; };
		FA0952E02881F6AF00EEC3EA /* Reciplease2Tests.swift in Sources */ = {isa = PBXBuildFile; fileRef = FA0952DF2881F6AF00EEC3EA /* Reciplease2Tests.swift */; };
		FA0952EA2881F6AF00EEC3EA /* Reciplease2UITests.swift in Sources */ = {isa = PBXBuildFile; fileRef = FA0952E92881F6AF00EEC3EA /* Reciplease2UITests.swift */; };
		FA0952EC2881F6AF00EEC3EA /* Reciplease2UITestsLaunchTests.swift in Sources */ = {isa = PBXBuildFile; fileRef = FA0952EB2881F6AF00EEC3EA /* Reciplease2UITestsLaunchTests.swift */; };
		FA0953232886F71600EEC3EA /* SearchRecipesViewController.swift in Sources */ = {isa = PBXBuildFile; fileRef = FA0953222886F71600EEC3EA /* SearchRecipesViewController.swift */; };
		FA09532F2889DC1700EEC3EA /* FavoritesRecipesViewController.swift in Sources */ = {isa = PBXBuildFile; fileRef = FA09532E2889DC1700EEC3EA /* FavoritesRecipesViewController.swift */; };
		FA095332288D4AA700EEC3EA /* ListRecipesViewController.swift in Sources */ = {isa = PBXBuildFile; fileRef = FA095331288D4AA700EEC3EA /* ListRecipesViewController.swift */; };
/* End PBXBuildFile section */

/* Begin PBXContainerItemProxy section */
		FA0952DC2881F6AF00EEC3EA /* PBXContainerItemProxy */ = {
			isa = PBXContainerItemProxy;
			containerPortal = FA0952BA2881F6AC00EEC3EA /* Project object */;
			proxyType = 1;
			remoteGlobalIDString = FA0952C12881F6AC00EEC3EA;
			remoteInfo = Reciplease2;
		};
		FA0952E62881F6AF00EEC3EA /* PBXContainerItemProxy */ = {
			isa = PBXContainerItemProxy;
			containerPortal = FA0952BA2881F6AC00EEC3EA /* Project object */;
			proxyType = 1;
			remoteGlobalIDString = FA0952C12881F6AC00EEC3EA;
			remoteInfo = Reciplease2;
		};
/* End PBXContainerItemProxy section */

/* Begin PBXFileReference section */
		0E7CE8BE13F7F67B8214B2AF /* Pods-Reciplease2Tests.release.xcconfig */ = {isa = PBXFileReference; includeInIndex = 1; lastKnownFileType = text.xcconfig; name = "Pods-Reciplease2Tests.release.xcconfig"; path = "Target Support Files/Pods-Reciplease2Tests/Pods-Reciplease2Tests.release.xcconfig"; sourceTree = "<group>"; };
		2001A43598220D63749DE275 /* Pods_Reciplease2_Reciplease2UITests.framework */ = {isa = PBXFileReference; explicitFileType = wrapper.framework; includeInIndex = 0; path = Pods_Reciplease2_Reciplease2UITests.framework; sourceTree = BUILT_PRODUCTS_DIR; };
		271294633DE5212922B04C6B /* Pods_Reciplease2Tests.framework */ = {isa = PBXFileReference; explicitFileType = wrapper.framework; includeInIndex = 0; path = Pods_Reciplease2Tests.framework; sourceTree = BUILT_PRODUCTS_DIR; };
		30D297EBBCDD0C464D66D726 /* Pods-Reciplease2.debug.xcconfig */ = {isa = PBXFileReference; includeInIndex = 1; lastKnownFileType = text.xcconfig; name = "Pods-Reciplease2.debug.xcconfig"; path = "Target Support Files/Pods-Reciplease2/Pods-Reciplease2.debug.xcconfig"; sourceTree = "<group>"; };
		4A9219246A32503AEC4EE914 /* Pods-Reciplease2Tests.debug.xcconfig */ = {isa = PBXFileReference; includeInIndex = 1; lastKnownFileType = text.xcconfig; name = "Pods-Reciplease2Tests.debug.xcconfig"; path = "Target Support Files/Pods-Reciplease2Tests/Pods-Reciplease2Tests.debug.xcconfig"; sourceTree = "<group>"; };
		6E9CC7CFF8B224EE5EF3988B /* Pods-Reciplease2-Reciplease2UITests.release.xcconfig */ = {isa = PBXFileReference; includeInIndex = 1; lastKnownFileType = text.xcconfig; name = "Pods-Reciplease2-Reciplease2UITests.release.xcconfig"; path = "Target Support Files/Pods-Reciplease2-Reciplease2UITests/Pods-Reciplease2-Reciplease2UITests.release.xcconfig"; sourceTree = "<group>"; };
		72363BE88BE81A5C3C06A7D7 /* Pods-Reciplease2-Reciplease2UITests.debug.xcconfig */ = {isa = PBXFileReference; includeInIndex = 1; lastKnownFileType = text.xcconfig; name = "Pods-Reciplease2-Reciplease2UITests.debug.xcconfig"; path = "Target Support Files/Pods-Reciplease2-Reciplease2UITests/Pods-Reciplease2-Reciplease2UITests.debug.xcconfig"; sourceTree = "<group>"; };
		D58529E3640F1E6C0EB643B9 /* Pods_Reciplease2.framework */ = {isa = PBXFileReference; explicitFileType = wrapper.framework; includeInIndex = 0; path = Pods_Reciplease2.framework; sourceTree = BUILT_PRODUCTS_DIR; };
		E2B71691FC8AA1919DD43FA4 /* Pods-Reciplease2.release.xcconfig */ = {isa = PBXFileReference; includeInIndex = 1; lastKnownFileType = text.xcconfig; name = "Pods-Reciplease2.release.xcconfig"; path = "Target Support Files/Pods-Reciplease2/Pods-Reciplease2.release.xcconfig"; sourceTree = "<group>"; };
		FA0952C22881F6AC00EEC3EA /* Reciplease2.app */ = {isa = PBXFileReference; explicitFileType = wrapper.application; includeInIndex = 0; path = Reciplease2.app; sourceTree = BUILT_PRODUCTS_DIR; };
		FA0952C52881F6AC00EEC3EA /* AppDelegate.swift */ = {isa = PBXFileReference; lastKnownFileType = sourcecode.swift; path = AppDelegate.swift; sourceTree = "<group>"; };
		FA0952C72881F6AC00EEC3EA /* SceneDelegate.swift */ = {isa = PBXFileReference; lastKnownFileType = sourcecode.swift; path = SceneDelegate.swift; sourceTree = "<group>"; };
		FA0952CC2881F6AC00EEC3EA /* Base */ = {isa = PBXFileReference; lastKnownFileType = file.storyboard; name = Base; path = Base.lproj/Main.storyboard; sourceTree = "<group>"; };
		FA0952CF2881F6AC00EEC3EA /* Reciplease2.xcdatamodel */ = {isa = PBXFileReference; lastKnownFileType = wrapper.xcdatamodel; path = Reciplease2.xcdatamodel; sourceTree = "<group>"; };
		FA0952D12881F6AF00EEC3EA /* Assets.xcassets */ = {isa = PBXFileReference; lastKnownFileType = folder.assetcatalog; path = Assets.xcassets; sourceTree = "<group>"; };
		FA0952D42881F6AF00EEC3EA /* Base */ = {isa = PBXFileReference; lastKnownFileType = file.storyboard; name = Base; path = Base.lproj/LaunchScreen.storyboard; sourceTree = "<group>"; };
		FA0952D62881F6AF00EEC3EA /* Info.plist */ = {isa = PBXFileReference; lastKnownFileType = text.plist.xml; path = Info.plist; sourceTree = "<group>"; };
		FA0952DB2881F6AF00EEC3EA /* Reciplease2Tests.xctest */ = {isa = PBXFileReference; explicitFileType = wrapper.cfbundle; includeInIndex = 0; path = Reciplease2Tests.xctest; sourceTree = BUILT_PRODUCTS_DIR; };
		FA0952DF2881F6AF00EEC3EA /* Reciplease2Tests.swift */ = {isa = PBXFileReference; lastKnownFileType = sourcecode.swift; path = Reciplease2Tests.swift; sourceTree = "<group>"; };
		FA0952E52881F6AF00EEC3EA /* Reciplease2UITests.xctest */ = {isa = PBXFileReference; explicitFileType = wrapper.cfbundle; includeInIndex = 0; path = Reciplease2UITests.xctest; sourceTree = BUILT_PRODUCTS_DIR; };
		FA0952E92881F6AF00EEC3EA /* Reciplease2UITests.swift */ = {isa = PBXFileReference; lastKnownFileType = sourcecode.swift; path = Reciplease2UITests.swift; sourceTree = "<group>"; };
		FA0952EB2881F6AF00EEC3EA /* Reciplease2UITestsLaunchTests.swift */ = {isa = PBXFileReference; lastKnownFileType = sourcecode.swift; path = Reciplease2UITestsLaunchTests.swift; sourceTree = "<group>"; };
		FA0953222886F71600EEC3EA /* SearchRecipesViewController.swift */ = {isa = PBXFileReference; lastKnownFileType = sourcecode.swift; path = SearchRecipesViewController.swift; sourceTree = "<group>"; };
		FA09532E2889DC1700EEC3EA /* FavoritesRecipesViewController.swift */ = {isa = PBXFileReference; lastKnownFileType = sourcecode.swift; path = FavoritesRecipesViewController.swift; sourceTree = "<group>"; };
		FA095331288D4AA700EEC3EA /* ListRecipesViewController.swift */ = {isa = PBXFileReference; lastKnownFileType = sourcecode.swift; path = ListRecipesViewController.swift; sourceTree = "<group>"; };
/* End PBXFileReference section */

/* Begin PBXFrameworksBuildPhase section */
		FA0952BF2881F6AC00EEC3EA /* Frameworks */ = {
			isa = PBXFrameworksBuildPhase;
			buildActionMask = 2147483647;
			files = (
				0E6F940EF369C3E15E163048 /* Pods_Reciplease2.framework in Frameworks */,
			);
			runOnlyForDeploymentPostprocessing = 0;
		};
		FA0952D82881F6AF00EEC3EA /* Frameworks */ = {
			isa = PBXFrameworksBuildPhase;
			buildActionMask = 2147483647;
			files = (
				3B7C5364A8063EDAE9372822 /* Pods_Reciplease2Tests.framework in Frameworks */,
			);
			runOnlyForDeploymentPostprocessing = 0;
		};
		FA0952E22881F6AF00EEC3EA /* Frameworks */ = {
			isa = PBXFrameworksBuildPhase;
			buildActionMask = 2147483647;
			files = (
				A1C3C365792BE0B3D1C9ED68 /* Pods_Reciplease2_Reciplease2UITests.framework in Frameworks */,
			);
			runOnlyForDeploymentPostprocessing = 0;
		};
/* End PBXFrameworksBuildPhase section */

/* Begin PBXGroup section */
		73CF0506C5D13EB6DE9B9FF1 /* Frameworks */ = {
			isa = PBXGroup;
			children = (
				D58529E3640F1E6C0EB643B9 /* Pods_Reciplease2.framework */,
				2001A43598220D63749DE275 /* Pods_Reciplease2_Reciplease2UITests.framework */,
				271294633DE5212922B04C6B /* Pods_Reciplease2Tests.framework */,
			);
			name = Frameworks;
			sourceTree = "<group>";
		};
		A9102C1B88A5841E27E27223 /* Pods */ = {
			isa = PBXGroup;
			children = (
				30D297EBBCDD0C464D66D726 /* Pods-Reciplease2.debug.xcconfig */,
				E2B71691FC8AA1919DD43FA4 /* Pods-Reciplease2.release.xcconfig */,
				72363BE88BE81A5C3C06A7D7 /* Pods-Reciplease2-Reciplease2UITests.debug.xcconfig */,
				6E9CC7CFF8B224EE5EF3988B /* Pods-Reciplease2-Reciplease2UITests.release.xcconfig */,
				4A9219246A32503AEC4EE914 /* Pods-Reciplease2Tests.debug.xcconfig */,
				0E7CE8BE13F7F67B8214B2AF /* Pods-Reciplease2Tests.release.xcconfig */,
			);
			path = Pods;
			sourceTree = "<group>";
		};
		FA0952B92881F6AC00EEC3EA = {
			isa = PBXGroup;
			children = (
				FA0952C42881F6AC00EEC3EA /* Reciplease2 */,
				FA0952DE2881F6AF00EEC3EA /* Reciplease2Tests */,
				FA0952E82881F6AF00EEC3EA /* Reciplease2UITests */,
				FA0952C32881F6AC00EEC3EA /* Products */,
				A9102C1B88A5841E27E27223 /* Pods */,
				73CF0506C5D13EB6DE9B9FF1 /* Frameworks */,
			);
			sourceTree = "<group>";
		};
		FA0952C32881F6AC00EEC3EA /* Products */ = {
			isa = PBXGroup;
			children = (
				FA0952C22881F6AC00EEC3EA /* Reciplease2.app */,
				FA0952DB2881F6AF00EEC3EA /* Reciplease2Tests.xctest */,
				FA0952E52881F6AF00EEC3EA /* Reciplease2UITests.xctest */,
			);
			name = Products;
			sourceTree = "<group>";
		};
		FA0952C42881F6AC00EEC3EA /* Reciplease2 */ = {
			isa = PBXGroup;
			children = (
				FA095330288C2C2200EEC3EA /* Model */,
				FA0953212886F68500EEC3EA /* View */,
				FA0953202886F65F00EEC3EA /* Controller */,
				FA0952C52881F6AC00EEC3EA /* AppDelegate.swift */,
				FA0952C72881F6AC00EEC3EA /* SceneDelegate.swift */,
				FA0952D12881F6AF00EEC3EA /* Assets.xcassets */,
				FA0952D62881F6AF00EEC3EA /* Info.plist */,
				FA0952CE2881F6AC00EEC3EA /* Reciplease2.xcdatamodeld */,
			);
			path = Reciplease2;
			sourceTree = "<group>";
		};
		FA0952DE2881F6AF00EEC3EA /* Reciplease2Tests */ = {
			isa = PBXGroup;
			children = (
				FA0952DF2881F6AF00EEC3EA /* Reciplease2Tests.swift */,
			);
			path = Reciplease2Tests;
			sourceTree = "<group>";
		};
		FA0952E82881F6AF00EEC3EA /* Reciplease2UITests */ = {
			isa = PBXGroup;
			children = (
				FA0952E92881F6AF00EEC3EA /* Reciplease2UITests.swift */,
				FA0952EB2881F6AF00EEC3EA /* Reciplease2UITestsLaunchTests.swift */,
			);
			path = Reciplease2UITests;
			sourceTree = "<group>";
		};
		FA0953202886F65F00EEC3EA /* Controller */ = {
			isa = PBXGroup;
			children = (
				FA0953222886F71600EEC3EA /* SearchRecipesViewController.swift */,
				FA09532E2889DC1700EEC3EA /* FavoritesRecipesViewController.swift */,
				FA095331288D4AA700EEC3EA /* ListRecipesViewController.swift */,
			);
			path = Controller;
			sourceTree = "<group>";
		};
		FA0953212886F68500EEC3EA /* View */ = {
			isa = PBXGroup;
			children = (
				FA0952CB2881F6AC00EEC3EA /* Main.storyboard */,
				FA0952D32881F6AF00EEC3EA /* LaunchScreen.storyboard */,
			);
			path = View;
			sourceTree = "<group>";
		};
		FA095330288C2C2200EEC3EA /* Model */ = {
			isa = PBXGroup;
			children = (
			);
			path = Model;
			sourceTree = "<group>";
		};
/* End PBXGroup section */

/* Begin PBXNativeTarget section */
		FA0952C12881F6AC00EEC3EA /* Reciplease2 */ = {
			isa = PBXNativeTarget;
			buildConfigurationList = FA0952EF2881F6AF00EEC3EA /* Build configuration list for PBXNativeTarget "Reciplease2" */;
			buildPhases = (
				DA4EB86936E3327EACBC7D0B /* [CP] Check Pods Manifest.lock */,
				FA0952BE2881F6AC00EEC3EA /* Sources */,
				FA0952BF2881F6AC00EEC3EA /* Frameworks */,
				FA0952C02881F6AC00EEC3EA /* Resources */,
				4AFE7DF7D709EC09097328C2 /* [CP] Embed Pods Frameworks */,
			);
			buildRules = (
			);
			dependencies = (
			);
			name = Reciplease2;
			productName = Reciplease2;
			productReference = FA0952C22881F6AC00EEC3EA /* Reciplease2.app */;
			productType = "com.apple.product-type.application";
		};
		FA0952DA2881F6AF00EEC3EA /* Reciplease2Tests */ = {
			isa = PBXNativeTarget;
			buildConfigurationList = FA0952F22881F6AF00EEC3EA /* Build configuration list for PBXNativeTarget "Reciplease2Tests" */;
			buildPhases = (
				3DEA653929D7B11A6792A3D8 /* [CP] Check Pods Manifest.lock */,
				FA0952D72881F6AF00EEC3EA /* Sources */,
				FA0952D82881F6AF00EEC3EA /* Frameworks */,
				FA0952D92881F6AF00EEC3EA /* Resources */,
				152B74CD5788126F95C9AC37 /* [CP] Embed Pods Frameworks */,
			);
			buildRules = (
			);
			dependencies = (
				FA0952DD2881F6AF00EEC3EA /* PBXTargetDependency */,
			);
			name = Reciplease2Tests;
			productName = Reciplease2Tests;
			productReference = FA0952DB2881F6AF00EEC3EA /* Reciplease2Tests.xctest */;
			productType = "com.apple.product-type.bundle.unit-test";
		};
		FA0952E42881F6AF00EEC3EA /* Reciplease2UITests */ = {
			isa = PBXNativeTarget;
			buildConfigurationList = FA0952F52881F6AF00EEC3EA /* Build configuration list for PBXNativeTarget "Reciplease2UITests" */;
			buildPhases = (
				23F1539AA58E3B8E586CEEE4 /* [CP] Check Pods Manifest.lock */,
				FA0952E12881F6AF00EEC3EA /* Sources */,
				FA0952E22881F6AF00EEC3EA /* Frameworks */,
				FA0952E32881F6AF00EEC3EA /* Resources */,
				A580E5698A09A7551875553B /* [CP] Embed Pods Frameworks */,
			);
			buildRules = (
			);
			dependencies = (
				FA0952E72881F6AF00EEC3EA /* PBXTargetDependency */,
			);
			name = Reciplease2UITests;
			productName = Reciplease2UITests;
			productReference = FA0952E52881F6AF00EEC3EA /* Reciplease2UITests.xctest */;
			productType = "com.apple.product-type.bundle.ui-testing";
		};
/* End PBXNativeTarget section */

/* Begin PBXProject section */
		FA0952BA2881F6AC00EEC3EA /* Project object */ = {
			isa = PBXProject;
			attributes = {
				BuildIndependentTargetsInParallel = 1;
				LastSwiftUpdateCheck = 1340;
				LastUpgradeCheck = 1340;
				TargetAttributes = {
					FA0952C12881F6AC00EEC3EA = {
						CreatedOnToolsVersion = 13.4.1;
					};
					FA0952DA2881F6AF00EEC3EA = {
						CreatedOnToolsVersion = 13.4.1;
						TestTargetID = FA0952C12881F6AC00EEC3EA;
					};
					FA0952E42881F6AF00EEC3EA = {
						CreatedOnToolsVersion = 13.4.1;
						TestTargetID = FA0952C12881F6AC00EEC3EA;
					};
				};
			};
			buildConfigurationList = FA0952BD2881F6AC00EEC3EA /* Build configuration list for PBXProject "Reciplease2" */;
			compatibilityVersion = "Xcode 13.0";
			developmentRegion = en;
			hasScannedForEncodings = 0;
			knownRegions = (
				en,
				Base,
			);
			mainGroup = FA0952B92881F6AC00EEC3EA;
			productRefGroup = FA0952C32881F6AC00EEC3EA /* Products */;
			projectDirPath = "";
			projectRoot = "";
			targets = (
				FA0952C12881F6AC00EEC3EA /* Reciplease2 */,
				FA0952DA2881F6AF00EEC3EA /* Reciplease2Tests */,
				FA0952E42881F6AF00EEC3EA /* Reciplease2UITests */,
			);
		};
/* End PBXProject section */

/* Begin PBXResourcesBuildPhase section */
		FA0952C02881F6AC00EEC3EA /* Resources */ = {
			isa = PBXResourcesBuildPhase;
			buildActionMask = 2147483647;
			files = (
				FA0952D52881F6AF00EEC3EA /* LaunchScreen.storyboard in Resources */,
				FA0952D22881F6AF00EEC3EA /* Assets.xcassets in Resources */,
				FA0952CD2881F6AC00EEC3EA /* Main.storyboard in Resources */,
			);
			runOnlyForDeploymentPostprocessing = 0;
		};
		FA0952D92881F6AF00EEC3EA /* Resources */ = {
			isa = PBXResourcesBuildPhase;
			buildActionMask = 2147483647;
			files = (
			);
			runOnlyForDeploymentPostprocessing = 0;
		};
		FA0952E32881F6AF00EEC3EA /* Resources */ = {
			isa = PBXResourcesBuildPhase;
			buildActionMask = 2147483647;
			files = (
			);
			runOnlyForDeploymentPostprocessing = 0;
		};
/* End PBXResourcesBuildPhase section */

/* Begin PBXShellScriptBuildPhase section */
		152B74CD5788126F95C9AC37 /* [CP] Embed Pods Frameworks */ = {
			isa = PBXShellScriptBuildPhase;
			buildActionMask = 2147483647;
			files = (
			);
			inputFileListPaths = (
				"${PODS_ROOT}/Target Support Files/Pods-Reciplease2Tests/Pods-Reciplease2Tests-frameworks-${CONFIGURATION}-input-files.xcfilelist",
			);
			name = "[CP] Embed Pods Frameworks";
			outputFileListPaths = (
				"${PODS_ROOT}/Target Support Files/Pods-Reciplease2Tests/Pods-Reciplease2Tests-frameworks-${CONFIGURATION}-output-files.xcfilelist",
			);
			runOnlyForDeploymentPostprocessing = 0;
			shellPath = /bin/sh;
			shellScript = "\"${PODS_ROOT}/Target Support Files/Pods-Reciplease2Tests/Pods-Reciplease2Tests-frameworks.sh\"\n";
			showEnvVarsInLog = 0;
		};
		23F1539AA58E3B8E586CEEE4 /* [CP] Check Pods Manifest.lock */ = {
			isa = PBXShellScriptBuildPhase;
			buildActionMask = 2147483647;
			files = (
			);
			inputFileListPaths = (
			);
			inputPaths = (
				"${PODS_PODFILE_DIR_PATH}/Podfile.lock",
				"${PODS_ROOT}/Manifest.lock",
			);
			name = "[CP] Check Pods Manifest.lock";
			outputFileListPaths = (
			);
			outputPaths = (
				"$(DERIVED_FILE_DIR)/Pods-Reciplease2-Reciplease2UITests-checkManifestLockResult.txt",
			);
			runOnlyForDeploymentPostprocessing = 0;
			shellPath = /bin/sh;
			shellScript = "diff \"${PODS_PODFILE_DIR_PATH}/Podfile.lock\" \"${PODS_ROOT}/Manifest.lock\" > /dev/null\nif [ $? != 0 ] ; then\n    # print error to STDERR\n    echo \"error: The sandbox is not in sync with the Podfile.lock. Run 'pod install' or update your CocoaPods installation.\" >&2\n    exit 1\nfi\n# This output is used by Xcode 'outputs' to avoid re-running this script phase.\necho \"SUCCESS\" > \"${SCRIPT_OUTPUT_FILE_0}\"\n";
			showEnvVarsInLog = 0;
		};
		3DEA653929D7B11A6792A3D8 /* [CP] Check Pods Manifest.lock */ = {
			isa = PBXShellScriptBuildPhase;
			buildActionMask = 2147483647;
			files = (
			);
			inputFileListPaths = (
			);
			inputPaths = (
				"${PODS_PODFILE_DIR_PATH}/Podfile.lock",
				"${PODS_ROOT}/Manifest.lock",
			);
			name = "[CP] Check Pods Manifest.lock";
			outputFileListPaths = (
			);
			outputPaths = (
				"$(DERIVED_FILE_DIR)/Pods-Reciplease2Tests-checkManifestLockResult.txt",
			);
			runOnlyForDeploymentPostprocessing = 0;
			shellPath = /bin/sh;
			shellScript = "diff \"${PODS_PODFILE_DIR_PATH}/Podfile.lock\" \"${PODS_ROOT}/Manifest.lock\" > /dev/null\nif [ $? != 0 ] ; then\n    # print error to STDERR\n    echo \"error: The sandbox is not in sync with the Podfile.lock. Run 'pod install' or update your CocoaPods installation.\" >&2\n    exit 1\nfi\n# This output is used by Xcode 'outputs' to avoid re-running this script phase.\necho \"SUCCESS\" > \"${SCRIPT_OUTPUT_FILE_0}\"\n";
			showEnvVarsInLog = 0;
		};
		4AFE7DF7D709EC09097328C2 /* [CP] Embed Pods Frameworks */ = {
			isa = PBXShellScriptBuildPhase;
			buildActionMask = 2147483647;
			files = (
			);
			inputFileListPaths = (
				"${PODS_ROOT}/Target Support Files/Pods-Reciplease2/Pods-Reciplease2-frameworks-${CONFIGURATION}-input-files.xcfilelist",
			);
			name = "[CP] Embed Pods Frameworks";
			outputFileListPaths = (
				"${PODS_ROOT}/Target Support Files/Pods-Reciplease2/Pods-Reciplease2-frameworks-${CONFIGURATION}-output-files.xcfilelist",
			);
			runOnlyForDeploymentPostprocessing = 0;
			shellPath = /bin/sh;
			shellScript = "\"${PODS_ROOT}/Target Support Files/Pods-Reciplease2/Pods-Reciplease2-frameworks.sh\"\n";
			showEnvVarsInLog = 0;
		};
		A580E5698A09A7551875553B /* [CP] Embed Pods Frameworks */ = {
			isa = PBXShellScriptBuildPhase;
			buildActionMask = 2147483647;
			files = (
			);
			inputFileListPaths = (
				"${PODS_ROOT}/Target Support Files/Pods-Reciplease2-Reciplease2UITests/Pods-Reciplease2-Reciplease2UITests-frameworks-${CONFIGURATION}-input-files.xcfilelist",
			);
			name = "[CP] Embed Pods Frameworks";
			outputFileListPaths = (
				"${PODS_ROOT}/Target Support Files/Pods-Reciplease2-Reciplease2UITests/Pods-Reciplease2-Reciplease2UITests-frameworks-${CONFIGURATION}-output-files.xcfilelist",
			);
			runOnlyForDeploymentPostprocessing = 0;
			shellPath = /bin/sh;
			shellScript = "\"${PODS_ROOT}/Target Support Files/Pods-Reciplease2-Reciplease2UITests/Pods-Reciplease2-Reciplease2UITests-frameworks.sh\"\n";
			showEnvVarsInLog = 0;
		};
		DA4EB86936E3327EACBC7D0B /* [CP] Check Pods Manifest.lock */ = {
			isa = PBXShellScriptBuildPhase;
			buildActionMask = 2147483647;
			files = (
			);
			inputFileListPaths = (
			);
			inputPaths = (
				"${PODS_PODFILE_DIR_PATH}/Podfile.lock",
				"${PODS_ROOT}/Manifest.lock",
			);
			name = "[CP] Check Pods Manifest.lock";
			outputFileListPaths = (
			);
			outputPaths = (
				"$(DERIVED_FILE_DIR)/Pods-Reciplease2-checkManifestLockResult.txt",
			);
			runOnlyForDeploymentPostprocessing = 0;
			shellPath = /bin/sh;
			shellScript = "diff \"${PODS_PODFILE_DIR_PATH}/Podfile.lock\" \"${PODS_ROOT}/Manifest.lock\" > /dev/null\nif [ $? != 0 ] ; then\n    # print error to STDERR\n    echo \"error: The sandbox is not in sync with the Podfile.lock. Run 'pod install' or update your CocoaPods installation.\" >&2\n    exit 1\nfi\n# This output is used by Xcode 'outputs' to avoid re-running this script phase.\necho \"SUCCESS\" > \"${SCRIPT_OUTPUT_FILE_0}\"\n";
			showEnvVarsInLog = 0;
		};
/* End PBXShellScriptBuildPhase section */

/* Begin PBXSourcesBuildPhase section */
		FA0952BE2881F6AC00EEC3EA /* Sources */ = {
			isa = PBXSourcesBuildPhase;
			buildActionMask = 2147483647;
			files = (
				FA09532F2889DC1700EEC3EA /* FavoritesRecipesViewController.swift in Sources */,
				FA0953232886F71600EEC3EA /* SearchRecipesViewController.swift in Sources */,
				FA095332288D4AA700EEC3EA /* ListRecipesViewController.swift in Sources */,
				FA0952C62881F6AC00EEC3EA /* AppDelegate.swift in Sources */,
				FA0952C82881F6AC00EEC3EA /* SceneDelegate.swift in Sources */,
				FA0952D02881F6AC00EEC3EA /* Reciplease2.xcdatamodeld in Sources */,
			);
			runOnlyForDeploymentPostprocessing = 0;
		};
		FA0952D72881F6AF00EEC3EA /* Sources */ = {
			isa = PBXSourcesBuildPhase;
			buildActionMask = 2147483647;
			files = (
				FA0952E02881F6AF00EEC3EA /* Reciplease2Tests.swift in Sources */,
			);
			runOnlyForDeploymentPostprocessing = 0;
		};
		FA0952E12881F6AF00EEC3EA /* Sources */ = {
			isa = PBXSourcesBuildPhase;
			buildActionMask = 2147483647;
			files = (
				FA0952EC2881F6AF00EEC3EA /* Reciplease2UITestsLaunchTests.swift in Sources */,
				FA0952EA2881F6AF00EEC3EA /* Reciplease2UITests.swift in Sources */,
			);
			runOnlyForDeploymentPostprocessing = 0;
		};
/* End PBXSourcesBuildPhase section */

/* Begin PBXTargetDependency section */
		FA0952DD2881F6AF00EEC3EA /* PBXTargetDependency */ = {
			isa = PBXTargetDependency;
			target = FA0952C12881F6AC00EEC3EA /* Reciplease2 */;
			targetProxy = FA0952DC2881F6AF00EEC3EA /* PBXContainerItemProxy */;
		};
		FA0952E72881F6AF00EEC3EA /* PBXTargetDependency */ = {
			isa = PBXTargetDependency;
			target = FA0952C12881F6AC00EEC3EA /* Reciplease2 */;
			targetProxy = FA0952E62881F6AF00EEC3EA /* PBXContainerItemProxy */;
		};
/* End PBXTargetDependency section */

/* Begin PBXVariantGroup section */
		FA0952CB2881F6AC00EEC3EA /* Main.storyboard */ = {
			isa = PBXVariantGroup;
			children = (
				FA0952CC2881F6AC00EEC3EA /* Base */,
			);
			name = Main.storyboard;
			sourceTree = "<group>";
		};
		FA0952D32881F6AF00EEC3EA /* LaunchScreen.storyboard */ = {
			isa = PBXVariantGroup;
			children = (
				FA0952D42881F6AF00EEC3EA /* Base */,
			);
			name = LaunchScreen.storyboard;
			sourceTree = "<group>";
		};
/* End PBXVariantGroup section */

/* Begin XCBuildConfiguration section */
		FA0952ED2881F6AF00EEC3EA /* Debug */ = {
			isa = XCBuildConfiguration;
			buildSettings = {
				ALWAYS_SEARCH_USER_PATHS = NO;
				CLANG_ANALYZER_NONNULL = YES;
				CLANG_ANALYZER_NUMBER_OBJECT_CONVERSION = YES_AGGRESSIVE;
				CLANG_CXX_LANGUAGE_STANDARD = "gnu++17";
				CLANG_ENABLE_MODULES = YES;
				CLANG_ENABLE_OBJC_ARC = YES;
				CLANG_ENABLE_OBJC_WEAK = YES;
				CLANG_WARN_BLOCK_CAPTURE_AUTORELEASING = YES;
				CLANG_WARN_BOOL_CONVERSION = YES;
				CLANG_WARN_COMMA = YES;
				CLANG_WARN_CONSTANT_CONVERSION = YES;
				CLANG_WARN_DEPRECATED_OBJC_IMPLEMENTATIONS = YES;
				CLANG_WARN_DIRECT_OBJC_ISA_USAGE = YES_ERROR;
				CLANG_WARN_DOCUMENTATION_COMMENTS = YES;
				CLANG_WARN_EMPTY_BODY = YES;
				CLANG_WARN_ENUM_CONVERSION = YES;
				CLANG_WARN_INFINITE_RECURSION = YES;
				CLANG_WARN_INT_CONVERSION = YES;
				CLANG_WARN_NON_LITERAL_NULL_CONVERSION = YES;
				CLANG_WARN_OBJC_IMPLICIT_RETAIN_SELF = YES;
				CLANG_WARN_OBJC_LITERAL_CONVERSION = YES;
				CLANG_WARN_OBJC_ROOT_CLASS = YES_ERROR;
				CLANG_WARN_QUOTED_INCLUDE_IN_FRAMEWORK_HEADER = YES;
				CLANG_WARN_RANGE_LOOP_ANALYSIS = YES;
				CLANG_WARN_STRICT_PROTOTYPES = YES;
				CLANG_WARN_SUSPICIOUS_MOVE = YES;
				CLANG_WARN_UNGUARDED_AVAILABILITY = YES_AGGRESSIVE;
				CLANG_WARN_UNREACHABLE_CODE = YES;
				CLANG_WARN__DUPLICATE_METHOD_MATCH = YES;
				COPY_PHASE_STRIP = NO;
				DEBUG_INFORMATION_FORMAT = dwarf;
				ENABLE_STRICT_OBJC_MSGSEND = YES;
				ENABLE_TESTABILITY = YES;
				GCC_C_LANGUAGE_STANDARD = gnu11;
				GCC_DYNAMIC_NO_PIC = NO;
				GCC_NO_COMMON_BLOCKS = YES;
				GCC_OPTIMIZATION_LEVEL = 0;
				GCC_PREPROCESSOR_DEFINITIONS = (
					"DEBUG=1",
					"$(inherited)",
				);
				GCC_WARN_64_TO_32_BIT_CONVERSION = YES;
				GCC_WARN_ABOUT_RETURN_TYPE = YES_ERROR;
				GCC_WARN_UNDECLARED_SELECTOR = YES;
				GCC_WARN_UNINITIALIZED_AUTOS = YES_AGGRESSIVE;
				GCC_WARN_UNUSED_FUNCTION = YES;
				GCC_WARN_UNUSED_VARIABLE = YES;
				IPHONEOS_DEPLOYMENT_TARGET = 15.5;
				MTL_ENABLE_DEBUG_INFO = INCLUDE_SOURCE;
				MTL_FAST_MATH = YES;
				ONLY_ACTIVE_ARCH = YES;
				SDKROOT = iphoneos;
				SWIFT_ACTIVE_COMPILATION_CONDITIONS = DEBUG;
				SWIFT_OPTIMIZATION_LEVEL = "-Onone";
			};
			name = Debug;
		};
		FA0952EE2881F6AF00EEC3EA /* Release */ = {
			isa = XCBuildConfiguration;
			buildSettings = {
				ALWAYS_SEARCH_USER_PATHS = NO;
				CLANG_ANALYZER_NONNULL = YES;
				CLANG_ANALYZER_NUMBER_OBJECT_CONVERSION = YES_AGGRESSIVE;
				CLANG_CXX_LANGUAGE_STANDARD = "gnu++17";
				CLANG_ENABLE_MODULES = YES;
				CLANG_ENABLE_OBJC_ARC = YES;
				CLANG_ENABLE_OBJC_WEAK = YES;
				CLANG_WARN_BLOCK_CAPTURE_AUTORELEASING = YES;
				CLANG_WARN_BOOL_CONVERSION = YES;
				CLANG_WARN_COMMA = YES;
				CLANG_WARN_CONSTANT_CONVERSION = YES;
				CLANG_WARN_DEPRECATED_OBJC_IMPLEMENTATIONS = YES;
				CLANG_WARN_DIRECT_OBJC_ISA_USAGE = YES_ERROR;
				CLANG_WARN_DOCUMENTATION_COMMENTS = YES;
				CLANG_WARN_EMPTY_BODY = YES;
				CLANG_WARN_ENUM_CONVERSION = YES;
				CLANG_WARN_INFINITE_RECURSION = YES;
				CLANG_WARN_INT_CONVERSION = YES;
				CLANG_WARN_NON_LITERAL_NULL_CONVERSION = YES;
				CLANG_WARN_OBJC_IMPLICIT_RETAIN_SELF = YES;
				CLANG_WARN_OBJC_LITERAL_CONVERSION = YES;
				CLANG_WARN_OBJC_ROOT_CLASS = YES_ERROR;
				CLANG_WARN_QUOTED_INCLUDE_IN_FRAMEWORK_HEADER = YES;
				CLANG_WARN_RANGE_LOOP_ANALYSIS = YES;
				CLANG_WARN_STRICT_PROTOTYPES = YES;
				CLANG_WARN_SUSPICIOUS_MOVE = YES;
				CLANG_WARN_UNGUARDED_AVAILABILITY = YES_AGGRESSIVE;
				CLANG_WARN_UNREACHABLE_CODE = YES;
				CLANG_WARN__DUPLICATE_METHOD_MATCH = YES;
				COPY_PHASE_STRIP = NO;
				DEBUG_INFORMATION_FORMAT = "dwarf-with-dsym";
				ENABLE_NS_ASSERTIONS = NO;
				ENABLE_STRICT_OBJC_MSGSEND = YES;
				GCC_C_LANGUAGE_STANDARD = gnu11;
				GCC_NO_COMMON_BLOCKS = YES;
				GCC_WARN_64_TO_32_BIT_CONVERSION = YES;
				GCC_WARN_ABOUT_RETURN_TYPE = YES_ERROR;
				GCC_WARN_UNDECLARED_SELECTOR = YES;
				GCC_WARN_UNINITIALIZED_AUTOS = YES_AGGRESSIVE;
				GCC_WARN_UNUSED_FUNCTION = YES;
				GCC_WARN_UNUSED_VARIABLE = YES;
				IPHONEOS_DEPLOYMENT_TARGET = 15.5;
				MTL_ENABLE_DEBUG_INFO = NO;
				MTL_FAST_MATH = YES;
				SDKROOT = iphoneos;
				SWIFT_COMPILATION_MODE = wholemodule;
				SWIFT_OPTIMIZATION_LEVEL = "-O";
				VALIDATE_PRODUCT = YES;
			};
			name = Release;
		};
		FA0952F02881F6AF00EEC3EA /* Debug */ = {
			isa = XCBuildConfiguration;
			baseConfigurationReference = 30D297EBBCDD0C464D66D726 /* Pods-Reciplease2.debug.xcconfig */;
			buildSettings = {
				ASSETCATALOG_COMPILER_APPICON_NAME = AppIcon;
				ASSETCATALOG_COMPILER_GLOBAL_ACCENT_COLOR_NAME = AccentColor;
				CODE_SIGN_STYLE = Automatic;
				CURRENT_PROJECT_VERSION = 1;
				DEVELOPMENT_TEAM = YV7MJBA2GX;
				GENERATE_INFOPLIST_FILE = YES;
				INFOPLIST_FILE = Reciplease2/Info.plist;
				INFOPLIST_KEY_UIApplicationSupportsIndirectInputEvents = YES;
				INFOPLIST_KEY_UILaunchStoryboardName = LaunchScreen;
				INFOPLIST_KEY_UIMainStoryboardFile = Main;
				INFOPLIST_KEY_UISupportedInterfaceOrientations = UIInterfaceOrientationPortrait;
				INFOPLIST_KEY_UISupportedInterfaceOrientations_iPad = "UIInterfaceOrientationPortrait UIInterfaceOrientationPortraitUpsideDown UIInterfaceOrientationLandscapeLeft UIInterfaceOrientationLandscapeRight";
				INFOPLIST_KEY_UISupportedInterfaceOrientations_iPhone = "UIInterfaceOrientationPortrait UIInterfaceOrientationLandscapeLeft UIInterfaceOrientationLandscapeRight";
				LD_RUNPATH_SEARCH_PATHS = (
					"$(inherited)",
					"@executable_path/Frameworks",
				);
				MARKETING_VERSION = 1.0;
				PRODUCT_BUNDLE_IDENTIFIER = com.pierre.Reciplease2;
				PRODUCT_NAME = "$(TARGET_NAME)";
				SWIFT_EMIT_LOC_STRINGS = YES;
				SWIFT_VERSION = 5.0;
				TARGETED_DEVICE_FAMILY = 1;
			};
			name = Debug;
		};
		FA0952F12881F6AF00EEC3EA /* Release */ = {
			isa = XCBuildConfiguration;
			baseConfigurationReference = E2B71691FC8AA1919DD43FA4 /* Pods-Reciplease2.release.xcconfig */;
			buildSettings = {
				ASSETCATALOG_COMPILER_APPICON_NAME = AppIcon;
				ASSETCATALOG_COMPILER_GLOBAL_ACCENT_COLOR_NAME = AccentColor;
				CODE_SIGN_STYLE = Automatic;
				CURRENT_PROJECT_VERSION = 1;
				DEVELOPMENT_TEAM = YV7MJBA2GX;
				GENERATE_INFOPLIST_FILE = YES;
				INFOPLIST_FILE = Reciplease2/Info.plist;
				INFOPLIST_KEY_UIApplicationSupportsIndirectInputEvents = YES;
				INFOPLIST_KEY_UILaunchStoryboardName = LaunchScreen;
				INFOPLIST_KEY_UIMainStoryboardFile = Main;
				INFOPLIST_KEY_UISupportedInterfaceOrientations = UIInterfaceOrientationPortrait;
				INFOPLIST_KEY_UISupportedInterfaceOrientations_iPad = "UIInterfaceOrientationPortrait UIInterfaceOrientationPortraitUpsideDown UIInterfaceOrientationLandscapeLeft UIInterfaceOrientationLandscapeRight";
				INFOPLIST_KEY_UISupportedInterfaceOrientations_iPhone = "UIInterfaceOrientationPortrait UIInterfaceOrientationLandscapeLeft UIInterfaceOrientationLandscapeRight";
				LD_RUNPATH_SEARCH_PATHS = (
					"$(inherited)",
					"@executable_path/Frameworks",
				);
				MARKETING_VERSION = 1.0;
				PRODUCT_BUNDLE_IDENTIFIER = com.pierre.Reciplease2;
				PRODUCT_NAME = "$(TARGET_NAME)";
				SWIFT_EMIT_LOC_STRINGS = YES;
				SWIFT_VERSION = 5.0;
				TARGETED_DEVICE_FAMILY = 1;
			};
			name = Release;
		};
		FA0952F32881F6AF00EEC3EA /* Debug */ = {
			isa = XCBuildConfiguration;
			baseConfigurationReference = 4A9219246A32503AEC4EE914 /* Pods-Reciplease2Tests.debug.xcconfig */;
			buildSettings = {
				ALWAYS_EMBED_SWIFT_STANDARD_LIBRARIES = YES;
				BUNDLE_LOADER = "$(TEST_HOST)";
				CODE_SIGN_STYLE = Automatic;
				CURRENT_PROJECT_VERSION = 1;
				DEVELOPMENT_TEAM = YV7MJBA2GX;
				GENERATE_INFOPLIST_FILE = YES;
				IPHONEOS_DEPLOYMENT_TARGET = 15.5;
				MARKETING_VERSION = 1.0;
				PRODUCT_BUNDLE_IDENTIFIER = com.pierre.Reciplease2Tests;
				PRODUCT_NAME = "$(TARGET_NAME)";
				SWIFT_EMIT_LOC_STRINGS = NO;
				SWIFT_VERSION = 5.0;
				TARGETED_DEVICE_FAMILY = "1,2";
				TEST_HOST = "$(BUILT_PRODUCTS_DIR)/Reciplease2.app/Reciplease2";
			};
			name = Debug;
		};
		FA0952F42881F6AF00EEC3EA /* Release */ = {
			isa = XCBuildConfiguration;
			baseConfigurationReference = 0E7CE8BE13F7F67B8214B2AF /* Pods-Reciplease2Tests.release.xcconfig */;
			buildSettings = {
				ALWAYS_EMBED_SWIFT_STANDARD_LIBRARIES = YES;
				BUNDLE_LOADER = "$(TEST_HOST)";
				CODE_SIGN_STYLE = Automatic;
				CURRENT_PROJECT_VERSION = 1;
				DEVELOPMENT_TEAM = YV7MJBA2GX;
				GENERATE_INFOPLIST_FILE = YES;
				IPHONEOS_DEPLOYMENT_TARGET = 15.5;
				MARKETING_VERSION = 1.0;
				PRODUCT_BUNDLE_IDENTIFIER = com.pierre.Reciplease2Tests;
				PRODUCT_NAME = "$(TARGET_NAME)";
				SWIFT_EMIT_LOC_STRINGS = NO;
				SWIFT_VERSION = 5.0;
				TARGETED_DEVICE_FAMILY = "1,2";
				TEST_HOST = "$(BUILT_PRODUCTS_DIR)/Reciplease2.app/Reciplease2";
			};
			name = Release;
		};
		FA0952F62881F6AF00EEC3EA /* Debug */ = {
			isa = XCBuildConfiguration;
			baseConfigurationReference = 72363BE88BE81A5C3C06A7D7 /* Pods-Reciplease2-Reciplease2UITests.debug.xcconfig */;
			buildSettings = {
				ALWAYS_EMBED_SWIFT_STANDARD_LIBRARIES = YES;
				CODE_SIGN_STYLE = Automatic;
				CURRENT_PROJECT_VERSION = 1;
				DEVELOPMENT_TEAM = YV7MJBA2GX;
				GENERATE_INFOPLIST_FILE = YES;
				MARKETING_VERSION = 1.0;
				PRODUCT_BUNDLE_IDENTIFIER = com.pierre.Reciplease2UITests;
				PRODUCT_NAME = "$(TARGET_NAME)";
				SWIFT_EMIT_LOC_STRINGS = NO;
				SWIFT_VERSION = 5.0;
				TARGETED_DEVICE_FAMILY = "1,2";
				TEST_TARGET_NAME = Reciplease2;
			};
			name = Debug;
		};
		FA0952F72881F6AF00EEC3EA /* Release */ = {
			isa = XCBuildConfiguration;
			baseConfigurationReference = 6E9CC7CFF8B224EE5EF3988B /* Pods-Reciplease2-Reciplease2UITests.release.xcconfig */;
			buildSettings = {
				ALWAYS_EMBED_SWIFT_STANDARD_LIBRARIES = YES;
				CODE_SIGN_STYLE = Automatic;
				CURRENT_PROJECT_VERSION = 1;
				DEVELOPMENT_TEAM = YV7MJBA2GX;
				GENERATE_INFOPLIST_FILE = YES;
				MARKETING_VERSION = 1.0;
				PRODUCT_BUNDLE_IDENTIFIER = com.pierre.Reciplease2UITests;
				PRODUCT_NAME = "$(TARGET_NAME)";
				SWIFT_EMIT_LOC_STRINGS = NO;
				SWIFT_VERSION = 5.0;
				TARGETED_DEVICE_FAMILY = "1,2";
				TEST_TARGET_NAME = Reciplease2;
			};
			name = Release;
		};
/* End XCBuildConfiguration section */

/* Begin XCConfigurationList section */
		FA0952BD2881F6AC00EEC3EA /* Build configuration list for PBXProject "Reciplease2" */ = {
			isa = XCConfigurationList;
			buildConfigurations = (
				FA0952ED2881F6AF00EEC3EA /* Debug */,
				FA0952EE2881F6AF00EEC3EA /* Release */,
			);
			defaultConfigurationIsVisible = 0;
			defaultConfigurationName = Release;
		};
		FA0952EF2881F6AF00EEC3EA /* Build configuration list for PBXNativeTarget "Reciplease2" */ = {
			isa = XCConfigurationList;
			buildConfigurations = (
				FA0952F02881F6AF00EEC3EA /* Debug */,
				FA0952F12881F6AF00EEC3EA /* Release */,
			);
			defaultConfigurationIsVisible = 0;
			defaultConfigurationName = Release;
		};
		FA0952F22881F6AF00EEC3EA /* Build configuration list for PBXNativeTarget "Reciplease2Tests" */ = {
			isa = XCConfigurationList;
			buildConfigurations = (
				FA0952F32881F6AF00EEC3EA /* Debug */,
				FA0952F42881F6AF00EEC3EA /* Release */,
			);
			defaultConfigurationIsVisible = 0;
			defaultConfigurationName = Release;
		};
		FA0952F52881F6AF00EEC3EA /* Build configuration list for PBXNativeTarget "Reciplease2UITests" */ = {
			isa = XCConfigurationList;
			buildConfigurations = (
				FA0952F62881F6AF00EEC3EA /* Debug */,
				FA0952F72881F6AF00EEC3EA /* Release */,
			);
			defaultConfigurationIsVisible = 0;
			defaultConfigurationName = Release;
		};
/* End XCConfigurationList section */

/* Begin XCVersionGroup section */
		FA0952CE2881F6AC00EEC3EA /* Reciplease2.xcdatamodeld */ = {
			isa = XCVersionGroup;
			children = (
				FA0952CF2881F6AC00EEC3EA /* Reciplease2.xcdatamodel */,
			);
			currentVersion = FA0952CF2881F6AC00EEC3EA /* Reciplease2.xcdatamodel */;
			path = Reciplease2.xcdatamodeld;
			sourceTree = "<group>";
			versionGroupType = wrapper.xcdatamodel;
		};
/* End XCVersionGroup section */
	};
	rootObject = FA0952BA2881F6AC00EEC3EA /* Project object */;
}
